
Microsoft Visual Studio Solution File, Format Version 12.00
# Visual Studio 15
VisualStudioVersion = 15.0.27428.2011
MinimumVisualStudioVersion = 10.0.40219.1
Project("{8BC9CEB8-8B4A-11D0-8D11-00A0C91BC942}") = "operating_systems", "operating_systems\operating_systems.vcxproj", "{7CA539D8-129F-4480-A95A-E1E609088BC4}"
EndProject
Global
	GlobalSection(SolutionConfigurationPlatforms) = preSolution
		Debug|x64 = Debug|x64
		Debug|x86 = Debug|x86
		Release|x64 = Release|x64
		Release|x86 = Release|x86
	EndGlobalSection
	GlobalSection(ProjectConfigurationPlatforms) = postSolution
		{7CA539D8-129F-4480-A95A-E1E609088BC4}.Debug|x64.ActiveCfg = Debug|x64
		{7CA539D8-129F-4480-A95A-E1E609088BC4}.Debug|x64.Build.0 = Debug|x64
		{7CA539D8-129F-4480-A95A-E1E609088BC4}.Debug|x86.ActiveCfg = Debug|Win32
		{7CA539D8-129F-4480-A95A-E1E609088BC4}.Debug|x86.Build.0 = Debug|Win32
		{7CA539D8-129F-4480-A95A-E1E609088BC4}.Release|x64.ActiveCfg = Release|x64
		{7CA539D8-129F-4480-A95A-E1E609088BC4}.Release|x64.Build.0 = Release|x64
		{7CA539D8-129F-4480-A95A-E1E609088BC4}.Release|x86.ActiveCfg = Release|Win32
		{7CA539D8-129F-4480-A95A-E1E609088BC4}.Release|x86.Build.0 = Release|Win32
	EndGlobalSection
	GlobalSection(SolutionProperties) = preSolution
		HideSolutionNode = FALSE
	EndGlobalSection
	GlobalSection(ExtensibilityGlobals) = postSolution
		SolutionGuid = {652C62AB-2264-4A89-8AD5-6BD6AD547767}
	EndGlobalSection
EndGlobal
